
Microsoft Visual Studio Solution File, Format Version 12.00
# Visual Studio Version 16
VisualStudioVersion = 16.0.33529.622
MinimumVisualStudioVersion = 10.0.40219.1
Project("{FAE04EC0-301F-11D3-BF4B-00C04F79EFBC}") = "KRCars1298", "KRCars1298\KRCars1298.csproj", "{7F919E10-52B3-4EEF-BA2E-A1CAD82D4222}"
EndProject
Global
	GlobalSection(SolutionConfigurationPlatforms) = preSolution
		Debug|Any CPU = Debug|Any CPU
		Release|Any CPU = Release|Any CPU
	EndGlobalSection
	GlobalSection(ProjectConfigurationPlatforms) = postSolution
		{7F919E10-52B3-4EEF-BA2E-A1CAD82D4222}.Debug|Any CPU.ActiveCfg = Debug|Any CPU
		{7F919E10-52B3-4EEF-BA2E-A1CAD82D4222}.Debug|Any CPU.Build.0 = Debug|Any CPU
		{7F919E10-52B3-4EEF-BA2E-A1CAD82D4222}.Release|Any CPU.ActiveCfg = Release|Any CPU
		{7F919E10-52B3-4EEF-BA2E-A1CAD82D4222}.Release|Any CPU.Build.0 = Release|Any CPU
	EndGlobalSection
	GlobalSection(SolutionProperties) = preSolution
		HideSolutionNode = FALSE
	EndGlobalSection
	GlobalSection(ExtensibilityGlobals) = postSolution
		SolutionGuid = {0E33681A-634A-4502-8225-1210EAAED126}
	EndGlobalSection
EndGlobal
